// !$*UTF8*$!
{
	archiveVersion = 1;
	classes = {
	};
	objectVersion = 46;
	objects = {

/* Begin PBXBuildFile section */
		E725604C1552D080009B2E8E /* Cocoa.framework in Frameworks */ = {isa = PBXBuildFile; fileRef = E725604B1552D080009B2E8E /* Cocoa.framework */; };
		E72560561552D080009B2E8E /* InfoPlist.strings in Resources */ = {isa = PBXBuildFile; fileRef = E72560541552D080009B2E8E /* InfoPlist.strings */; };
		E72560581552D080009B2E8E /* main.m in Sources */ = {isa = PBXBuildFile; fileRef = E72560571552D080009B2E8E /* main.m */; };
		E725605C1552D080009B2E8E /* Credits.rtf in Resources */ = {isa = PBXBuildFile; fileRef = E725605A1552D080009B2E8E /* Credits.rtf */; };
		E725605F1552D080009B2E8E /* AppDelegate.m in Sources */ = {isa = PBXBuildFile; fileRef = E725605E1552D080009B2E8E /* AppDelegate.m */; };
		E72560621552D080009B2E8E /* MainMenu.xib in Resources */ = {isa = PBXBuildFile; fileRef = E72560601552D080009B2E8E /* MainMenu.xib */; };
		E725606A1552D0A2009B2E8E /* menuBtn.png in Resources */ = {isa = PBXBuildFile; fileRef = E72560681552D0A2009B2E8E /* menuBtn.png */; };
		E725606B1552D0A2009B2E8E /* menuBtnHover.png in Resources */ = {isa = PBXBuildFile; fileRef = E72560691552D0A2009B2E8E /* menuBtnHover.png */; };
		E7CBDD0615541E07002EE1CE /* frameTopCenter.png in Resources */ = {isa = PBXBuildFile; fileRef = E7CBDD0515541E07002EE1CE /* frameTopCenter.png */; };
		E7CBDD0A155422EB002EE1CE /* ButtonStyle.m in Sources */ = {isa = PBXBuildFile; fileRef = E7CBDD09155422EB002EE1CE /* ButtonStyle.m */; };
		E7CBDD0C155425A3002EE1CE /* menuBtnDown.png in Resources */ = {isa = PBXBuildFile; fileRef = E7CBDD0B155425A3002EE1CE /* menuBtnDown.png */; };
		E7CBDD0F15542A77002EE1CE /* AppWindow.m in Sources */ = {isa = PBXBuildFile; fileRef = E7CBDD0E15542A77002EE1CE /* AppWindow.m */; };
		E7CBDD1115542A95002EE1CE /* WebKit.framework in Frameworks */ = {isa = PBXBuildFile; fileRef = E7CBDD1015542A95002EE1CE /* WebKit.framework */; };
/* End PBXBuildFile section */

/* Begin PBXFileReference section */
		E72560471552D080009B2E8E /* buttonTab.app */ = {isa = PBXFileReference; explicitFileType = wrapper.application; includeInIndex = 0; path = buttonTab.app; sourceTree = BUILT_PRODUCTS_DIR; };
		E725604B1552D080009B2E8E /* Cocoa.framework */ = {isa = PBXFileReference; lastKnownFileType = wrapper.framework; name = Cocoa.framework; path = System/Library/Frameworks/Cocoa.framework; sourceTree = SDKROOT; };
		E725604E1552D080009B2E8E /* AppKit.framework */ = {isa = PBXFileReference; lastKnownFileType = wrapper.framework; name = AppKit.framework; path = System/Library/Frameworks/AppKit.framework; sourceTree = SDKROOT; };
		E725604F1552D080009B2E8E /* CoreData.framework */ = {isa = PBXFileReference; lastKnownFileType = wrapper.framework; name = CoreData.framework; path = System/Library/Frameworks/CoreData.framework; sourceTree = SDKROOT; };
		E72560501552D080009B2E8E /* Foundation.framework */ = {isa = PBXFileReference; lastKnownFileType = wrapper.framework; name = Foundation.framework; path = System/Library/Frameworks/Foundation.framework; sourceTree = SDKROOT; };
		E72560531552D080009B2E8E /* buttonTab-Info.plist */ = {isa = PBXFileReference; lastKnownFileType = text.plist.xml; path = "buttonTab-Info.plist"; sourceTree = "<group>"; };
		E72560551552D080009B2E8E /* en */ = {isa = PBXFileReference; lastKnownFileType = text.plist.strings; name = en; path = en.lproj/InfoPlist.strings; sourceTree = "<group>"; };
		E72560571552D080009B2E8E /* main.m */ = {isa = PBXFileReference; lastKnownFileType = sourcecode.c.objc; path = main.m; sourceTree = "<group>"; };
		E72560591552D080009B2E8E /* buttonTab-Prefix.pch */ = {isa = PBXFileReference; lastKnownFileType = sourcecode.c.h; path = "buttonTab-Prefix.pch"; sourceTree = "<group>"; };
		E725605B1552D080009B2E8E /* en */ = {isa = PBXFileReference; lastKnownFileType = text.rtf; name = en; path = en.lproj/Credits.rtf; sourceTree = "<group>"; };
		E725605D1552D080009B2E8E /* AppDelegate.h */ = {isa = PBXFileReference; lastKnownFileType = sourcecode.c.h; path = AppDelegate.h; sourceTree = "<group>"; };
		E725605E1552D080009B2E8E /* AppDelegate.m */ = {isa = PBXFileReference; lastKnownFileType = sourcecode.c.objc; path = AppDelegate.m; sourceTree = "<group>"; };
		E72560611552D080009B2E8E /* en */ = {isa = PBXFileReference; lastKnownFileType = file.xib; name = en; path = en.lproj/MainMenu.xib; sourceTree = "<group>"; };
		E72560681552D0A2009B2E8E /* menuBtn.png */ = {isa = PBXFileReference; lastKnownFileType = image.png; path = menuBtn.png; sourceTree = "<group>"; };
		E72560691552D0A2009B2E8E /* menuBtnHover.png */ = {isa = PBXFileReference; lastKnownFileType = image.png; path = menuBtnHover.png; sourceTree = "<group>"; };
		E7CBDD0515541E07002EE1CE /* frameTopCenter.png */ = {isa = PBXFileReference; lastKnownFileType = image.png; path = frameTopCenter.png; sourceTree = "<group>"; };
		E7CBDD08155422EB002EE1CE /* ButtonStyle.h */ = {isa = PBXFileReference; fileEncoding = 4; lastKnownFileType = sourcecode.c.h; path = ButtonStyle.h; sourceTree = "<group>"; };
		E7CBDD09155422EB002EE1CE /* ButtonStyle.m */ = {isa = PBXFileReference; fileEncoding = 4; lastKnownFileType = sourcecode.c.objc; path = ButtonStyle.m; sourceTree = "<group>"; };
		E7CBDD0B155425A3002EE1CE /* menuBtnDown.png */ = {isa = PBXFileReference; lastKnownFileType = image.png; path = menuBtnDown.png; sourceTree = "<group>"; };
		E7CBDD0D15542A76002EE1CE /* AppWindow.h */ = {isa = PBXFileReference; fileEncoding = 4; lastKnownFileType = sourcecode.c.h; path = AppWindow.h; sourceTree = "<group>"; };
		E7CBDD0E15542A77002EE1CE /* AppWindow.m */ = {isa = PBXFileReference; fileEncoding = 4; lastKnownFileType = sourcecode.c.objc; path = AppWindow.m; sourceTree = "<group>"; };
		E7CBDD1015542A95002EE1CE /* WebKit.framework */ = {isa = PBXFileReference; lastKnownFileType = wrapper.framework; name = WebKit.framework; path = System/Library/Frameworks/WebKit.framework; sourceTree = SDKROOT; };
/* End PBXFileReference section */

/* Begin PBXFrameworksBuildPhase section */
		E72560441552D080009B2E8E /* Frameworks */ = {
			isa = PBXFrameworksBuildPhase;
			buildActionMask = 2147483647;
			files = (
				E7CBDD1115542A95002EE1CE /* WebKit.framework in Frameworks */,
				E725604C1552D080009B2E8E /* Cocoa.framework in Frameworks */,
			);
			runOnlyForDeploymentPostprocessing = 0;
		};
/* End PBXFrameworksBuildPhase section */

/* Begin PBXGroup section */
		E725603C1552D080009B2E8E = {
			isa = PBXGroup;
			children = (
				E72560511552D080009B2E8E /* buttonTab */,
				E725604A1552D080009B2E8E /* Frameworks */,
				E72560481552D080009B2E8E /* Products */,
			);
			sourceTree = "<group>";
		};
		E72560481552D080009B2E8E /* Products */ = {
			isa = PBXGroup;
			children = (
				E72560471552D080009B2E8E /* buttonTab.app */,
			);
			name = Products;
			sourceTree = "<group>";
		};
		E725604A1552D080009B2E8E /* Frameworks */ = {
			isa = PBXGroup;
			children = (
				E7CBDD1015542A95002EE1CE /* WebKit.framework */,
				E725604B1552D080009B2E8E /* Cocoa.framework */,
				E725604D1552D080009B2E8E /* Other Frameworks */,
			);
			name = Frameworks;
			sourceTree = "<group>";
		};
		E725604D1552D080009B2E8E /* Other Frameworks */ = {
			isa = PBXGroup;
			children = (
				E725604E1552D080009B2E8E /* AppKit.framework */,
				E725604F1552D080009B2E8E /* CoreData.framework */,
				E72560501552D080009B2E8E /* Foundation.framework */,
			);
			name = "Other Frameworks";
			sourceTree = "<group>";
		};
		E72560511552D080009B2E8E /* buttonTab */ = {
			isa = PBXGroup;
			children = (
				E725605D1552D080009B2E8E /* AppDelegate.h */,
				E725605E1552D080009B2E8E /* AppDelegate.m */,
				E7CBDD08155422EB002EE1CE /* ButtonStyle.h */,
				E7CBDD09155422EB002EE1CE /* ButtonStyle.m */,
				E7CBDD0D15542A76002EE1CE /* AppWindow.h */,
				E7CBDD0E15542A77002EE1CE /* AppWindow.m */,
				E72560601552D080009B2E8E /* MainMenu.xib */,
				E72560521552D080009B2E8E /* Supporting Files */,
			);
			path = buttonTab;
			sourceTree = "<group>";
		};
		E72560521552D080009B2E8E /* Supporting Files */ = {
			isa = PBXGroup;
			children = (
				E7CBDD0B155425A3002EE1CE /* menuBtnDown.png */,
				E7CBDD0515541E07002EE1CE /* frameTopCenter.png */,
				E72560681552D0A2009B2E8E /* menuBtn.png */,
				E72560691552D0A2009B2E8E /* menuBtnHover.png */,
				E72560531552D080009B2E8E /* buttonTab-Info.plist */,
				E72560541552D080009B2E8E /* InfoPlist.strings */,
				E72560571552D080009B2E8E /* main.m */,
				E72560591552D080009B2E8E /* buttonTab-Prefix.pch */,
				E725605A1552D080009B2E8E /* Credits.rtf */,
			);
			name = "Supporting Files";
			sourceTree = "<group>";
		};
/* End PBXGroup section */

/* Begin PBXNativeTarget section */
		E72560461552D080009B2E8E /* buttonTab */ = {
			isa = PBXNativeTarget;
			buildConfigurationList = E72560651552D080009B2E8E /* Build configuration list for PBXNativeTarget "buttonTab" */;
			buildPhases = (
				E72560431552D080009B2E8E /* Sources */,
				E72560441552D080009B2E8E /* Frameworks */,
				E72560451552D080009B2E8E /* Resources */,
			);
			buildRules = (
			);
			dependencies = (
			);
			name = buttonTab;
			productName = buttonTab;
			productReference = E72560471552D080009B2E8E /* buttonTab.app */;
			productType = "com.apple.product-type.application";
		};
/* End PBXNativeTarget section */

/* Begin PBXProject section */
		E725603E1552D080009B2E8E /* Project object */ = {
			isa = PBXProject;
			attributes = {
				LastUpgradeCheck = 0430;
			};
			buildConfigurationList = E72560411552D080009B2E8E /* Build configuration list for PBXProject "buttonTab" */;
			compatibilityVersion = "Xcode 3.2";
			developmentRegion = English;
			hasScannedForEncodings = 0;
			knownRegions = (
				en,
			);
			mainGroup = E725603C1552D080009B2E8E;
			productRefGroup = E72560481552D080009B2E8E /* Products */;
			projectDirPath = "";
			projectRoot = "";
			targets = (
				E72560461552D080009B2E8E /* buttonTab */,
			);
		};
/* End PBXProject section */

/* Begin PBXResourcesBuildPhase section */
		E72560451552D080009B2E8E /* Resources */ = {
			isa = PBXResourcesBuildPhase;
			buildActionMask = 2147483647;
			files = (
				E72560561552D080009B2E8E /* InfoPlist.strings in Resources */,
				E725605C1552D080009B2E8E /* Credits.rtf in Resources */,
				E72560621552D080009B2E8E /* MainMenu.xib in Resources */,
				E725606A1552D0A2009B2E8E /* menuBtn.png in Resources */,
				E725606B1552D0A2009B2E8E /* menuBtnHover.png in Resources */,
				E7CBDD0615541E07002EE1CE /* frameTopCenter.png in Resources */,
				E7CBDD0C155425A3002EE1CE /* menuBtnDown.png in Resources */,
			);
			runOnlyForDeploymentPostprocessing = 0;
		};
/* End PBXResourcesBuildPhase section */

/* Begin PBXSourcesBuildPhase section */
		E72560431552D080009B2E8E /* Sources */ = {
			isa = PBXSourcesBuildPhase;
			buildActionMask = 2147483647;
			files = (
				E72560581552D080009B2E8E /* main.m in Sources */,
				E725605F1552D080009B2E8E /* AppDelegate.m in Sources */,
				E7CBDD0A155422EB002EE1CE /* ButtonStyle.m in Sources */,
				E7CBDD0F15542A77002EE1CE /* AppWindow.m in Sources */,
			);
			runOnlyForDeploymentPostprocessing = 0;
		};
/* End PBXSourcesBuildPhase section */

/* Begin PBXVariantGroup section */
		E72560541552D080009B2E8E /* InfoPlist.strings */ = {
			isa = PBXVariantGroup;
			children = (
				E72560551552D080009B2E8E /* en */,
			);
			name = InfoPlist.strings;
			sourceTree = "<group>";
		};
		E725605A1552D080009B2E8E /* Credits.rtf */ = {
			isa = PBXVariantGroup;
			children = (
				E725605B1552D080009B2E8E /* en */,
			);
			name = Credits.rtf;
			sourceTree = "<group>";
		};
		E72560601552D080009B2E8E /* MainMenu.xib */ = {
			isa = PBXVariantGroup;
			children = (
				E72560611552D080009B2E8E /* en */,
			);
			name = MainMenu.xib;
			sourceTree = "<group>";
		};
/* End PBXVariantGroup section */

/* Begin XCBuildConfiguration section */
		E72560631552D080009B2E8E /* Debug */ = {
			isa = XCBuildConfiguration;
			buildSettings = {
				ALWAYS_SEARCH_USER_PATHS = NO;
				ARCHS = "$(ARCHS_STANDARD_64_BIT)";
				COPY_PHASE_STRIP = NO;
				GCC_C_LANGUAGE_STANDARD = gnu99;
				GCC_DYNAMIC_NO_PIC = NO;
				GCC_ENABLE_OBJC_EXCEPTIONS = YES;
				GCC_OPTIMIZATION_LEVEL = 0;
				GCC_PREPROCESSOR_DEFINITIONS = (
					"DEBUG=1",
					"$(inherited)",
				);
				GCC_SYMBOLS_PRIVATE_EXTERN = NO;
				GCC_VERSION = com.apple.compilers.llvm.clang.1_0;
				GCC_WARN_64_TO_32_BIT_CONVERSION = YES;
				GCC_WARN_ABOUT_RETURN_TYPE = YES;
				GCC_WARN_UNINITIALIZED_AUTOS = YES;
				GCC_WARN_UNUSED_VARIABLE = YES;
				MACOSX_DEPLOYMENT_TARGET = 10.7;
				ONLY_ACTIVE_ARCH = YES;
				SDKROOT = macosx;
			};
			name = Debug;
		};
		E72560641552D080009B2E8E /* Release */ = {
			isa = XCBuildConfiguration;
			buildSettings = {
				ALWAYS_SEARCH_USER_PATHS = NO;
				ARCHS = "$(ARCHS_STANDARD_64_BIT)";
				COPY_PHASE_STRIP = YES;
				DEBUG_INFORMATION_FORMAT = "dwarf-with-dsym";
				GCC_C_LANGUAGE_STANDARD = gnu99;
				GCC_ENABLE_OBJC_EXCEPTIONS = YES;
				GCC_VERSION = com.apple.compilers.llvm.clang.1_0;
				GCC_WARN_64_TO_32_BIT_CONVERSION = YES;
				GCC_WARN_ABOUT_RETURN_TYPE = YES;
				GCC_WARN_UNINITIALIZED_AUTOS = YES;
				GCC_WARN_UNUSED_VARIABLE = YES;
				MACOSX_DEPLOYMENT_TARGET = 10.7;
				SDKROOT = macosx;
			};
			name = Release;
		};
		E72560661552D080009B2E8E /* Debug */ = {
			isa = XCBuildConfiguration;
			buildSettings = {
				GCC_PRECOMPILE_PREFIX_HEADER = YES;
				GCC_PREFIX_HEADER = "buttonTab/buttonTab-Prefix.pch";
				INFOPLIST_FILE = "buttonTab/buttonTab-Info.plist";
				PRODUCT_NAME = "$(TARGET_NAME)";
				WRAPPER_EXTENSION = app;
			};
			name = Debug;
		};
		E72560671552D080009B2E8E /* Release */ = {
			isa = XCBuildConfiguration;
			buildSettings = {
				GCC_PRECOMPILE_PREFIX_HEADER = YES;
				GCC_PREFIX_HEADER = "buttonTab/buttonTab-Prefix.pch";
				INFOPLIST_FILE = "buttonTab/buttonTab-Info.plist";
				PRODUCT_NAME = "$(TARGET_NAME)";
				WRAPPER_EXTENSION = app;
			};
			name = Release;
		};
/* End XCBuildConfiguration section */

/* Begin XCConfigurationList section */
		E72560411552D080009B2E8E /* Build configuration list for PBXProject "buttonTab" */ = {
			isa = XCConfigurationList;
			buildConfigurations = (
				E72560631552D080009B2E8E /* Debug */,
				E72560641552D080009B2E8E /* Release */,
			);
			defaultConfigurationIsVisible = 0;
			defaultConfigurationName = Release;
		};
		E72560651552D080009B2E8E /* Build configuration list for PBXNativeTarget "buttonTab" */ = {
			isa = XCConfigurationList;
			buildConfigurations = (
				E72560661552D080009B2E8E /* Debug */,
				E72560671552D080009B2E8E /* Release */,
			);
			defaultConfigurationIsVisible = 0;
			defaultConfigurationName = Release;
		};
/* End XCConfigurationList section */
	};
	rootObject = E725603E1552D080009B2E8E /* Project object */;
}
